
Microsoft Visual Studio Solution File, Format Version 12.00
# Visual Studio 2012
Project("{D954291E-2A0B-460D-934E-DC6B0785DB48}") = "SimpleLoginForms", "SimpleLoginForms\SimpleLoginForms.shproj", "{DDD33508-F4A6-425C-9A9C-DE5CEFBDD74B}"
EndProject
Project("{FAE04EC0-301F-11D3-BF4B-00C04F79EFBC}") = "SimpleLoginForms.iOS", "iOS\SimpleLoginForms.iOS.csproj", "{4FA39E55-9B35-449E-B95F-CA444940D76E}"
EndProject
Project("{FAE04EC0-301F-11D3-BF4B-00C04F79EFBC}") = "SimpleLoginForms.Android", "Android\SimpleLoginForms.Android.csproj", "{886C1B97-9780-43A1-8F57-87F41DBAFB72}"
EndProject
Global
	GlobalSection(SolutionConfigurationPlatforms) = preSolution
		Debug|iPhoneSimulator = Debug|iPhoneSimulator
		Release|iPhoneSimulator = Release|iPhoneSimulator
		Debug|iPhone = Debug|iPhone
		Release|iPhone = Release|iPhone
		Ad-Hoc|iPhone = Ad-Hoc|iPhone
		AppStore|iPhone = AppStore|iPhone
		Debug|Any CPU = Debug|Any CPU
		Release|Any CPU = Release|Any CPU
	EndGlobalSection
	GlobalSection(ProjectConfigurationPlatforms) = postSolution
		{4FA39E55-9B35-449E-B95F-CA444940D76E}.Ad-Hoc|iPhone.ActiveCfg = Ad-Hoc|iPhone
		{4FA39E55-9B35-449E-B95F-CA444940D76E}.Ad-Hoc|iPhone.Build.0 = Ad-Hoc|iPhone
		{4FA39E55-9B35-449E-B95F-CA444940D76E}.AppStore|iPhone.ActiveCfg = AppStore|iPhone
		{4FA39E55-9B35-449E-B95F-CA444940D76E}.AppStore|iPhone.Build.0 = AppStore|iPhone
		{4FA39E55-9B35-449E-B95F-CA444940D76E}.Debug|Any CPU.ActiveCfg = Debug|iPhoneSimulator
		{4FA39E55-9B35-449E-B95F-CA444940D76E}.Debug|Any CPU.Build.0 = Debug|iPhoneSimulator
		{4FA39E55-9B35-449E-B95F-CA444940D76E}.Debug|iPhone.ActiveCfg = Debug|iPhone
		{4FA39E55-9B35-449E-B95F-CA444940D76E}.Debug|iPhone.Build.0 = Debug|iPhone
		{4FA39E55-9B35-449E-B95F-CA444940D76E}.Debug|iPhoneSimulator.ActiveCfg = Debug|iPhoneSimulator
		{4FA39E55-9B35-449E-B95F-CA444940D76E}.Debug|iPhoneSimulator.Build.0 = Debug|iPhoneSimulator
		{4FA39E55-9B35-449E-B95F-CA444940D76E}.Release|Any CPU.ActiveCfg = Release|iPhoneSimulator
		{4FA39E55-9B35-449E-B95F-CA444940D76E}.Release|Any CPU.Build.0 = Release|iPhoneSimulator
		{4FA39E55-9B35-449E-B95F-CA444940D76E}.Release|iPhone.ActiveCfg = Release|iPhone
		{4FA39E55-9B35-449E-B95F-CA444940D76E}.Release|iPhone.Build.0 = Release|iPhone
		{4FA39E55-9B35-449E-B95F-CA444940D76E}.Release|iPhoneSimulator.ActiveCfg = Release|iPhoneSimulator
		{4FA39E55-9B35-449E-B95F-CA444940D76E}.Release|iPhoneSimulator.Build.0 = Release|iPhoneSimulator
		{886C1B97-9780-43A1-8F57-87F41DBAFB72}.Ad-Hoc|iPhone.ActiveCfg = Release|Any CPU
		{886C1B97-9780-43A1-8F57-87F41DBAFB72}.Ad-Hoc|iPhone.Build.0 = Release|Any CPU
		{886C1B97-9780-43A1-8F57-87F41DBAFB72}.AppStore|iPhone.ActiveCfg = Release|Any CPU
		{886C1B97-9780-43A1-8F57-87F41DBAFB72}.AppStore|iPhone.Build.0 = Release|Any CPU
		{886C1B97-9780-43A1-8F57-87F41DBAFB72}.Debug|Any CPU.ActiveCfg = Debug|Any CPU
		{886C1B97-9780-43A1-8F57-87F41DBAFB72}.Debug|Any CPU.Build.0 = Debug|Any CPU
		{886C1B97-9780-43A1-8F57-87F41DBAFB72}.Debug|iPhone.ActiveCfg = Debug|Any CPU
		{886C1B97-9780-43A1-8F57-87F41DBAFB72}.Debug|iPhone.Build.0 = Debug|Any CPU
		{886C1B97-9780-43A1-8F57-87F41DBAFB72}.Debug|iPhoneSimulator.ActiveCfg = Debug|Any CPU
		{886C1B97-9780-43A1-8F57-87F41DBAFB72}.Debug|iPhoneSimulator.Build.0 = Debug|Any CPU
		{886C1B97-9780-43A1-8F57-87F41DBAFB72}.Release|Any CPU.ActiveCfg = Release|Any CPU
		{886C1B97-9780-43A1-8F57-87F41DBAFB72}.Release|Any CPU.Build.0 = Release|Any CPU
		{886C1B97-9780-43A1-8F57-87F41DBAFB72}.Release|iPhone.ActiveCfg = Release|Any CPU
		{886C1B97-9780-43A1-8F57-87F41DBAFB72}.Release|iPhone.Build.0 = Release|Any CPU
		{886C1B97-9780-43A1-8F57-87F41DBAFB72}.Release|iPhoneSimulator.ActiveCfg = Release|Any CPU
		{886C1B97-9780-43A1-8F57-87F41DBAFB72}.Release|iPhoneSimulator.Build.0 = Release|Any CPU
	EndGlobalSection
	GlobalSection(MonoDevelopProperties) = preSolution
		StartupItem = iOS\SimpleLoginForms.iOS.csproj
	EndGlobalSection
EndGlobal
